// !$*UTF8*$!
{
	archiveVersion = 1;
	classes = {
	};
	objectVersion = 48;
	objects = {

/* Begin PBXBuildFile section */
		08EC64A6D43F635C461E12C7 /* Pods_travel_lyUITests.framework in Frameworks */ = {isa = PBXBuildFile; fileRef = 2795C97A0ACD5AB46BEAF5C2 /* Pods_travel_lyUITests.framework */; };
		2B6A546E20578D7E00430AF1 /* AppDelegate.swift in Sources */ = {isa = PBXBuildFile; fileRef = 2B6A546D20578D7E00430AF1 /* AppDelegate.swift */; };
		2B6A547520578D7E00430AF1 /* Main.storyboard in Resources */ = {isa = PBXBuildFile; fileRef = 2B6A547320578D7E00430AF1 /* Main.storyboard */; };
		2B6A547720578D7E00430AF1 /* Assets.xcassets in Resources */ = {isa = PBXBuildFile; fileRef = 2B6A547620578D7E00430AF1 /* Assets.xcassets */; };
		2B6A547A20578D7E00430AF1 /* LaunchScreen.storyboard in Resources */ = {isa = PBXBuildFile; fileRef = 2B6A547820578D7E00430AF1 /* LaunchScreen.storyboard */; };
		2B6A548520578D7E00430AF1 /* travel_lyTests.swift in Sources */ = {isa = PBXBuildFile; fileRef = 2B6A548420578D7E00430AF1 /* travel_lyTests.swift */; };
		2B6A549020578D7E00430AF1 /* travel_lyUITests.swift in Sources */ = {isa = PBXBuildFile; fileRef = 2B6A548F20578D7E00430AF1 /* travel_lyUITests.swift */; };
		2BC6EC9A205795F0004D695F /* MainPageViewController.swift in Sources */ = {isa = PBXBuildFile; fileRef = 2BC6EC99205795F0004D695F /* MainPageViewController.swift */; };
		2BC6EC9C205795FD004D695F /* CostViewController.swift in Sources */ = {isa = PBXBuildFile; fileRef = 2BC6EC9B205795FD004D695F /* CostViewController.swift */; };
		2BC6EC9E20579611004D695F /* ActivitiesViewController.swift in Sources */ = {isa = PBXBuildFile; fileRef = 2BC6EC9D20579611004D695F /* ActivitiesViewController.swift */; };
		2BC6ECA02057961C004D695F /* AboutViewController.swift in Sources */ = {isa = PBXBuildFile; fileRef = 2BC6EC9F2057961C004D695F /* AboutViewController.swift */; };
		2BC6ECA22057962A004D695F /* MyTripsViewController.swift in Sources */ = {isa = PBXBuildFile; fileRef = 2BC6ECA12057962A004D695F /* MyTripsViewController.swift */; };
		74BCF4F077A90095A72752DE /* Pods_travel_lyTests.framework in Frameworks */ = {isa = PBXBuildFile; fileRef = 4984D341D9C7CAE1D37A9B2C /* Pods_travel_lyTests.framework */; };
		C0C3D086C17671E0C6E3C845 /* Pods_travel_ly.framework in Frameworks */ = {isa = PBXBuildFile; fileRef = 5155B1552695B0FF4387CFC7 /* Pods_travel_ly.framework */; };
/* End PBXBuildFile section */

/* Begin PBXContainerItemProxy section */
		2B6A548120578D7E00430AF1 /* PBXContainerItemProxy */ = {
			isa = PBXContainerItemProxy;
			containerPortal = 2B6A546220578D7E00430AF1 /* Project object */;
			proxyType = 1;
			remoteGlobalIDString = 2B6A546920578D7E00430AF1;
			remoteInfo = travel.ly;
		};
		2B6A548C20578D7E00430AF1 /* PBXContainerItemProxy */ = {
			isa = PBXContainerItemProxy;
			containerPortal = 2B6A546220578D7E00430AF1 /* Project object */;
			proxyType = 1;
			remoteGlobalIDString = 2B6A546920578D7E00430AF1;
			remoteInfo = travel.ly;
		};
/* End PBXContainerItemProxy section */

/* Begin PBXFileReference section */
		2121C9D611C41D98B22A9525 /* Pods-travel.ly.debug.xcconfig */ = {isa = PBXFileReference; includeInIndex = 1; lastKnownFileType = text.xcconfig; name = "Pods-travel.ly.debug.xcconfig"; path = "Pods/Target Support Files/Pods-travel.ly/Pods-travel.ly.debug.xcconfig"; sourceTree = "<group>"; };
		2795C97A0ACD5AB46BEAF5C2 /* Pods_travel_lyUITests.framework */ = {isa = PBXFileReference; explicitFileType = wrapper.framework; includeInIndex = 0; path = Pods_travel_lyUITests.framework; sourceTree = BUILT_PRODUCTS_DIR; };
		2B6A546A20578D7E00430AF1 /* travel.ly.app */ = {isa = PBXFileReference; explicitFileType = wrapper.application; includeInIndex = 0; path = travel.ly.app; sourceTree = BUILT_PRODUCTS_DIR; };
		2B6A546D20578D7E00430AF1 /* AppDelegate.swift */ = {isa = PBXFileReference; lastKnownFileType = sourcecode.swift; path = AppDelegate.swift; sourceTree = "<group>"; };
		2B6A547420578D7E00430AF1 /* Base */ = {isa = PBXFileReference; lastKnownFileType = file.storyboard; name = Base; path = Base.lproj/Main.storyboard; sourceTree = "<group>"; };
		2B6A547620578D7E00430AF1 /* Assets.xcassets */ = {isa = PBXFileReference; lastKnownFileType = folder.assetcatalog; path = Assets.xcassets; sourceTree = "<group>"; };
		2B6A547920578D7E00430AF1 /* Base */ = {isa = PBXFileReference; lastKnownFileType = file.storyboard; name = Base; path = Base.lproj/LaunchScreen.storyboard; sourceTree = "<group>"; };
		2B6A547B20578D7E00430AF1 /* Info.plist */ = {isa = PBXFileReference; lastKnownFileType = text.plist.xml; path = Info.plist; sourceTree = "<group>"; };
		2B6A548020578D7E00430AF1 /* travel.lyTests.xctest */ = {isa = PBXFileReference; explicitFileType = wrapper.cfbundle; includeInIndex = 0; path = travel.lyTests.xctest; sourceTree = BUILT_PRODUCTS_DIR; };
		2B6A548420578D7E00430AF1 /* travel_lyTests.swift */ = {isa = PBXFileReference; lastKnownFileType = sourcecode.swift; path = travel_lyTests.swift; sourceTree = "<group>"; };
		2B6A548620578D7E00430AF1 /* Info.plist */ = {isa = PBXFileReference; lastKnownFileType = text.plist.xml; path = Info.plist; sourceTree = "<group>"; };
		2B6A548B20578D7E00430AF1 /* travel.lyUITests.xctest */ = {isa = PBXFileReference; explicitFileType = wrapper.cfbundle; includeInIndex = 0; path = travel.lyUITests.xctest; sourceTree = BUILT_PRODUCTS_DIR; };
		2B6A548F20578D7E00430AF1 /* travel_lyUITests.swift */ = {isa = PBXFileReference; lastKnownFileType = sourcecode.swift; path = travel_lyUITests.swift; sourceTree = "<group>"; };
		2B6A549120578D7E00430AF1 /* Info.plist */ = {isa = PBXFileReference; lastKnownFileType = text.plist.xml; path = Info.plist; sourceTree = "<group>"; };
		2BC6EC99205795F0004D695F /* MainPageViewController.swift */ = {isa = PBXFileReference; lastKnownFileType = sourcecode.swift; path = MainPageViewController.swift; sourceTree = "<group>"; };
		2BC6EC9B205795FD004D695F /* CostViewController.swift */ = {isa = PBXFileReference; lastKnownFileType = sourcecode.swift; path = CostViewController.swift; sourceTree = "<group>"; };
		2BC6EC9D20579611004D695F /* ActivitiesViewController.swift */ = {isa = PBXFileReference; lastKnownFileType = sourcecode.swift; path = ActivitiesViewController.swift; sourceTree = "<group>"; };
		2BC6EC9F2057961C004D695F /* AboutViewController.swift */ = {isa = PBXFileReference; lastKnownFileType = sourcecode.swift; path = AboutViewController.swift; sourceTree = "<group>"; };
		2BC6ECA12057962A004D695F /* MyTripsViewController.swift */ = {isa = PBXFileReference; lastKnownFileType = sourcecode.swift; path = MyTripsViewController.swift; sourceTree = "<group>"; };
		310ABD435F292203A8802DFA /* Pods-travel.lyTests.debug.xcconfig */ = {isa = PBXFileReference; includeInIndex = 1; lastKnownFileType = text.xcconfig; name = "Pods-travel.lyTests.debug.xcconfig"; path = "Pods/Target Support Files/Pods-travel.lyTests/Pods-travel.lyTests.debug.xcconfig"; sourceTree = "<group>"; };
		4984D341D9C7CAE1D37A9B2C /* Pods_travel_lyTests.framework */ = {isa = PBXFileReference; explicitFileType = wrapper.framework; includeInIndex = 0; path = Pods_travel_lyTests.framework; sourceTree = BUILT_PRODUCTS_DIR; };
		5155B1552695B0FF4387CFC7 /* Pods_travel_ly.framework */ = {isa = PBXFileReference; explicitFileType = wrapper.framework; includeInIndex = 0; path = Pods_travel_ly.framework; sourceTree = BUILT_PRODUCTS_DIR; };
		5E203597681C0188B0C76469 /* Pods-travel.ly.release.xcconfig */ = {isa = PBXFileReference; includeInIndex = 1; lastKnownFileType = text.xcconfig; name = "Pods-travel.ly.release.xcconfig"; path = "Pods/Target Support Files/Pods-travel.ly/Pods-travel.ly.release.xcconfig"; sourceTree = "<group>"; };
		7F2217735F25CA1F7EA8F4C1 /* Pods-travel.lyTests.release.xcconfig */ = {isa = PBXFileReference; includeInIndex = 1; lastKnownFileType = text.xcconfig; name = "Pods-travel.lyTests.release.xcconfig"; path = "Pods/Target Support Files/Pods-travel.lyTests/Pods-travel.lyTests.release.xcconfig"; sourceTree = "<group>"; };
		CF2F6AA4AD609FBCBBC32663 /* Pods-travel.lyUITests.debug.xcconfig */ = {isa = PBXFileReference; includeInIndex = 1; lastKnownFileType = text.xcconfig; name = "Pods-travel.lyUITests.debug.xcconfig"; path = "Pods/Target Support Files/Pods-travel.lyUITests/Pods-travel.lyUITests.debug.xcconfig"; sourceTree = "<group>"; };
		FD1CB0C63C500A6A29296F66 /* Pods-travel.lyUITests.release.xcconfig */ = {isa = PBXFileReference; includeInIndex = 1; lastKnownFileType = text.xcconfig; name = "Pods-travel.lyUITests.release.xcconfig"; path = "Pods/Target Support Files/Pods-travel.lyUITests/Pods-travel.lyUITests.release.xcconfig"; sourceTree = "<group>"; };
/* End PBXFileReference section */

/* Begin PBXFrameworksBuildPhase section */
		2B6A546720578D7E00430AF1 /* Frameworks */ = {
			isa = PBXFrameworksBuildPhase;
			buildActionMask = 2147483647;
			files = (
				C0C3D086C17671E0C6E3C845 /* Pods_travel_ly.framework in Frameworks */,
			);
			runOnlyForDeploymentPostprocessing = 0;
		};
		2B6A547D20578D7E00430AF1 /* Frameworks */ = {
			isa = PBXFrameworksBuildPhase;
			buildActionMask = 2147483647;
			files = (
				74BCF4F077A90095A72752DE /* Pods_travel_lyTests.framework in Frameworks */,
			);
			runOnlyForDeploymentPostprocessing = 0;
		};
		2B6A548820578D7E00430AF1 /* Frameworks */ = {
			isa = PBXFrameworksBuildPhase;
			buildActionMask = 2147483647;
			files = (
				08EC64A6D43F635C461E12C7 /* Pods_travel_lyUITests.framework in Frameworks */,
			);
			runOnlyForDeploymentPostprocessing = 0;
		};
/* End PBXFrameworksBuildPhase section */

/* Begin PBXGroup section */
		2B6A546120578D7E00430AF1 = {
			isa = PBXGroup;
			children = (
				2B6A546C20578D7E00430AF1 /* travel.ly */,
				2B6A548320578D7E00430AF1 /* travel.lyTests */,
				2B6A548E20578D7E00430AF1 /* travel.lyUITests */,
				2B6A546B20578D7E00430AF1 /* Products */,
				93CD29DFF75B4EEB21788FF4 /* Pods */,
				4DF8585F3844FB9302913B6B /* Frameworks */,
			);
			sourceTree = "<group>";
		};
		2B6A546B20578D7E00430AF1 /* Products */ = {
			isa = PBXGroup;
			children = (
				2B6A546A20578D7E00430AF1 /* travel.ly.app */,
				2B6A548020578D7E00430AF1 /* travel.lyTests.xctest */,
				2B6A548B20578D7E00430AF1 /* travel.lyUITests.xctest */,
			);
			name = Products;
			sourceTree = "<group>";
		};
		2B6A546C20578D7E00430AF1 /* travel.ly */ = {
			isa = PBXGroup;
			children = (
				2BC6ECA320579631004D695F /* Model */,
				2BC6ECA420579639004D695F /* View */,
				2BC6ECA520579640004D695F /* Controller */,
				2B6A547B20578D7E00430AF1 /* Info.plist */,
			);
			path = travel.ly;
			sourceTree = "<group>";
		};
		2B6A548320578D7E00430AF1 /* travel.lyTests */ = {
			isa = PBXGroup;
			children = (
				2B6A548420578D7E00430AF1 /* travel_lyTests.swift */,
				2B6A548620578D7E00430AF1 /* Info.plist */,
			);
			path = travel.lyTests;
			sourceTree = "<group>";
		};
		2B6A548E20578D7E00430AF1 /* travel.lyUITests */ = {
			isa = PBXGroup;
			children = (
				2B6A548F20578D7E00430AF1 /* travel_lyUITests.swift */,
				2B6A549120578D7E00430AF1 /* Info.plist */,
			);
			path = travel.lyUITests;
			sourceTree = "<group>";
		};
		2BC6ECA320579631004D695F /* Model */ = {
			isa = PBXGroup;
			children = (
			);
			path = Model;
			sourceTree = "<group>";
		};
		2BC6ECA420579639004D695F /* View */ = {
			isa = PBXGroup;
			children = (
				2B6A547320578D7E00430AF1 /* Main.storyboard */,
				2B6A547820578D7E00430AF1 /* LaunchScreen.storyboard */,
				2B6A547620578D7E00430AF1 /* Assets.xcassets */,
			);
			path = View;
			sourceTree = "<group>";
		};
		2BC6ECA520579640004D695F /* Controller */ = {
			isa = PBXGroup;
			children = (
				2B6A546D20578D7E00430AF1 /* AppDelegate.swift */,
				2BC6EC99205795F0004D695F /* MainPageViewController.swift */,
				2BC6EC9B205795FD004D695F /* CostViewController.swift */,
				2BC6EC9D20579611004D695F /* ActivitiesViewController.swift */,
				2BC6EC9F2057961C004D695F /* AboutViewController.swift */,
				2BC6ECA12057962A004D695F /* MyTripsViewController.swift */,
			);
			path = Controller;
			sourceTree = "<group>";
		};
		4DF8585F3844FB9302913B6B /* Frameworks */ = {
			isa = PBXGroup;
			children = (
				5155B1552695B0FF4387CFC7 /* Pods_travel_ly.framework */,
				4984D341D9C7CAE1D37A9B2C /* Pods_travel_lyTests.framework */,
				2795C97A0ACD5AB46BEAF5C2 /* Pods_travel_lyUITests.framework */,
			);
			name = Frameworks;
			sourceTree = "<group>";
		};
		93CD29DFF75B4EEB21788FF4 /* Pods */ = {
			isa = PBXGroup;
			children = (
				2121C9D611C41D98B22A9525 /* Pods-travel.ly.debug.xcconfig */,
				5E203597681C0188B0C76469 /* Pods-travel.ly.release.xcconfig */,
				310ABD435F292203A8802DFA /* Pods-travel.lyTests.debug.xcconfig */,
				7F2217735F25CA1F7EA8F4C1 /* Pods-travel.lyTests.release.xcconfig */,
				CF2F6AA4AD609FBCBBC32663 /* Pods-travel.lyUITests.debug.xcconfig */,
				FD1CB0C63C500A6A29296F66 /* Pods-travel.lyUITests.release.xcconfig */,
			);
			name = Pods;
			sourceTree = "<group>";
		};
/* End PBXGroup section */

/* Begin PBXNativeTarget section */
		2B6A546920578D7E00430AF1 /* travel.ly */ = {
			isa = PBXNativeTarget;
			buildConfigurationList = 2B6A549420578D7E00430AF1 /* Build configuration list for PBXNativeTarget "travel.ly" */;
			buildPhases = (
				3B52ACEA2B2CB91146B1EE4C /* [CP] Check Pods Manifest.lock */,
				2B6A546620578D7E00430AF1 /* Sources */,
				2B6A546720578D7E00430AF1 /* Frameworks */,
				2B6A546820578D7E00430AF1 /* Resources */,
				77611009420B261F3D563360 /* [CP] Embed Pods Frameworks */,
				42668B241F76195AA6B20CC2 /* [CP] Copy Pods Resources */,
			);
			buildRules = (
			);
			dependencies = (
			);
			name = travel.ly;
			productName = travel.ly;
			productReference = 2B6A546A20578D7E00430AF1 /* travel.ly.app */;
			productType = "com.apple.product-type.application";
		};
		2B6A547F20578D7E00430AF1 /* travel.lyTests */ = {
			isa = PBXNativeTarget;
			buildConfigurationList = 2B6A549720578D7E00430AF1 /* Build configuration list for PBXNativeTarget "travel.lyTests" */;
			buildPhases = (
				D54BA24C76AF88E8A4DBD418 /* [CP] Check Pods Manifest.lock */,
				2B6A547C20578D7E00430AF1 /* Sources */,
				2B6A547D20578D7E00430AF1 /* Frameworks */,
				2B6A547E20578D7E00430AF1 /* Resources */,
				D181DC49C8DBA74EE56F8BC7 /* [CP] Embed Pods Frameworks */,
				0A93EC53D543B4906DAB5FAD /* [CP] Copy Pods Resources */,
			);
			buildRules = (
			);
			dependencies = (
				2B6A548220578D7E00430AF1 /* PBXTargetDependency */,
			);
			name = travel.lyTests;
			productName = travel.lyTests;
			productReference = 2B6A548020578D7E00430AF1 /* travel.lyTests.xctest */;
			productType = "com.apple.product-type.bundle.unit-test";
		};
		2B6A548A20578D7E00430AF1 /* travel.lyUITests */ = {
			isa = PBXNativeTarget;
			buildConfigurationList = 2B6A549A20578D7E00430AF1 /* Build configuration list for PBXNativeTarget "travel.lyUITests" */;
			buildPhases = (
				236365D1E52A29EB50F4B827 /* [CP] Check Pods Manifest.lock */,
				2B6A548720578D7E00430AF1 /* Sources */,
				2B6A548820578D7E00430AF1 /* Frameworks */,
				2B6A548920578D7E00430AF1 /* Resources */,
				A5FBBB5C2B5E3AC4A94731C8 /* [CP] Embed Pods Frameworks */,
				0E25CCF5AEFF42F78C1237AD /* [CP] Copy Pods Resources */,
			);
			buildRules = (
			);
			dependencies = (
				2B6A548D20578D7E00430AF1 /* PBXTargetDependency */,
			);
			name = travel.lyUITests;
			productName = travel.lyUITests;
			productReference = 2B6A548B20578D7E00430AF1 /* travel.lyUITests.xctest */;
			productType = "com.apple.product-type.bundle.ui-testing";
		};
/* End PBXNativeTarget section */

/* Begin PBXProject section */
		2B6A546220578D7E00430AF1 /* Project object */ = {
			isa = PBXProject;
			attributes = {
				LastSwiftUpdateCheck = 0920;
				LastUpgradeCheck = 0920;
				ORGANIZATIONNAME = "University of San Diego";
				TargetAttributes = {
					2B6A546920578D7E00430AF1 = {
						CreatedOnToolsVersion = 9.2;
						ProvisioningStyle = Automatic;
					};
					2B6A547F20578D7E00430AF1 = {
						CreatedOnToolsVersion = 9.2;
						ProvisioningStyle = Automatic;
						TestTargetID = 2B6A546920578D7E00430AF1;
					};
					2B6A548A20578D7E00430AF1 = {
						CreatedOnToolsVersion = 9.2;
						ProvisioningStyle = Automatic;
						TestTargetID = 2B6A546920578D7E00430AF1;
					};
				};
			};
			buildConfigurationList = 2B6A546520578D7E00430AF1 /* Build configuration list for PBXProject "travel.ly" */;
			compatibilityVersion = "Xcode 8.0";
			developmentRegion = en;
			hasScannedForEncodings = 0;
			knownRegions = (
				en,
				Base,
			);
			mainGroup = 2B6A546120578D7E00430AF1;
			productRefGroup = 2B6A546B20578D7E00430AF1 /* Products */;
			projectDirPath = "";
			projectRoot = "";
			targets = (
				2B6A546920578D7E00430AF1 /* travel.ly */,
				2B6A547F20578D7E00430AF1 /* travel.lyTests */,
				2B6A548A20578D7E00430AF1 /* travel.lyUITests */,
			);
		};
/* End PBXProject section */

/* Begin PBXResourcesBuildPhase section */
		2B6A546820578D7E00430AF1 /* Resources */ = {
			isa = PBXResourcesBuildPhase;
			buildActionMask = 2147483647;
			files = (
				2B6A547A20578D7E00430AF1 /* LaunchScreen.storyboard in Resources */,
				2B6A547720578D7E00430AF1 /* Assets.xcassets in Resources */,
				2B6A547520578D7E00430AF1 /* Main.storyboard in Resources */,
			);
			runOnlyForDeploymentPostprocessing = 0;
		};
		2B6A547E20578D7E00430AF1 /* Resources */ = {
			isa = PBXResourcesBuildPhase;
			buildActionMask = 2147483647;
			files = (
			);
			runOnlyForDeploymentPostprocessing = 0;
		};
		2B6A548920578D7E00430AF1 /* Resources */ = {
			isa = PBXResourcesBuildPhase;
			buildActionMask = 2147483647;
			files = (
			);
			runOnlyForDeploymentPostprocessing = 0;
		};
/* End PBXResourcesBuildPhase section */

/* Begin PBXShellScriptBuildPhase section */
		0A93EC53D543B4906DAB5FAD /* [CP] Copy Pods Resources */ = {
			isa = PBXShellScriptBuildPhase;
			buildActionMask = 2147483647;
			files = (
			);
			inputPaths = (
			);
			name = "[CP] Copy Pods Resources";
			outputPaths = (
			);
			runOnlyForDeploymentPostprocessing = 0;
			shellPath = /bin/sh;
			shellScript = "\"${SRCROOT}/Pods/Target Support Files/Pods-travel.lyTests/Pods-travel.lyTests-resources.sh\"\n";
			showEnvVarsInLog = 0;
		};
		0E25CCF5AEFF42F78C1237AD /* [CP] Copy Pods Resources */ = {
			isa = PBXShellScriptBuildPhase;
			buildActionMask = 2147483647;
			files = (
			);
			inputPaths = (
			);
			name = "[CP] Copy Pods Resources";
			outputPaths = (
			);
			runOnlyForDeploymentPostprocessing = 0;
			shellPath = /bin/sh;
			shellScript = "\"${SRCROOT}/Pods/Target Support Files/Pods-travel.lyUITests/Pods-travel.lyUITests-resources.sh\"\n";
			showEnvVarsInLog = 0;
		};
		236365D1E52A29EB50F4B827 /* [CP] Check Pods Manifest.lock */ = {
			isa = PBXShellScriptBuildPhase;
			buildActionMask = 2147483647;
			files = (
			);
			inputPaths = (
				"${PODS_PODFILE_DIR_PATH}/Podfile.lock",
				"${PODS_ROOT}/Manifest.lock",
			);
			name = "[CP] Check Pods Manifest.lock";
			outputPaths = (
				"$(DERIVED_FILE_DIR)/Pods-travel.lyUITests-checkManifestLockResult.txt",
			);
			runOnlyForDeploymentPostprocessing = 0;
			shellPath = /bin/sh;
			shellScript = "diff \"${PODS_PODFILE_DIR_PATH}/Podfile.lock\" \"${PODS_ROOT}/Manifest.lock\" > /dev/null\nif [ $? != 0 ] ; then\n    # print error to STDERR\n    echo \"error: The sandbox is not in sync with the Podfile.lock. Run 'pod install' or update your CocoaPods installation.\" >&2\n    exit 1\nfi\n# This output is used by Xcode 'outputs' to avoid re-running this script phase.\necho \"SUCCESS\" > \"${SCRIPT_OUTPUT_FILE_0}\"\n";
			showEnvVarsInLog = 0;
		};
		3B52ACEA2B2CB91146B1EE4C /* [CP] Check Pods Manifest.lock */ = {
			isa = PBXShellScriptBuildPhase;
			buildActionMask = 2147483647;
			files = (
			);
			inputPaths = (
				"${PODS_PODFILE_DIR_PATH}/Podfile.lock",
				"${PODS_ROOT}/Manifest.lock",
			);
			name = "[CP] Check Pods Manifest.lock";
			outputPaths = (
				"$(DERIVED_FILE_DIR)/Pods-travel.ly-checkManifestLockResult.txt",
			);
			runOnlyForDeploymentPostprocessing = 0;
			shellPath = /bin/sh;
			shellScript = "diff \"${PODS_PODFILE_DIR_PATH}/Podfile.lock\" \"${PODS_ROOT}/Manifest.lock\" > /dev/null\nif [ $? != 0 ] ; then\n    # print error to STDERR\n    echo \"error: The sandbox is not in sync with the Podfile.lock. Run 'pod install' or update your CocoaPods installation.\" >&2\n    exit 1\nfi\n# This output is used by Xcode 'outputs' to avoid re-running this script phase.\necho \"SUCCESS\" > \"${SCRIPT_OUTPUT_FILE_0}\"\n";
			showEnvVarsInLog = 0;
		};
		42668B241F76195AA6B20CC2 /* [CP] Copy Pods Resources */ = {
			isa = PBXShellScriptBuildPhase;
			buildActionMask = 2147483647;
			files = (
			);
			inputPaths = (
			);
			name = "[CP] Copy Pods Resources";
			outputPaths = (
			);
			runOnlyForDeploymentPostprocessing = 0;
			shellPath = /bin/sh;
			shellScript = "\"${SRCROOT}/Pods/Target Support Files/Pods-travel.ly/Pods-travel.ly-resources.sh\"\n";
			showEnvVarsInLog = 0;
		};
		77611009420B261F3D563360 /* [CP] Embed Pods Frameworks */ = {
			isa = PBXShellScriptBuildPhase;
			buildActionMask = 2147483647;
			files = (
			);
			inputPaths = (
				"${SRCROOT}/Pods/Target Support Files/Pods-travel.ly/Pods-travel.ly-frameworks.sh",
				"${BUILT_PRODUCTS_DIR}/Charts/Charts.framework",
			);
			name = "[CP] Embed Pods Frameworks";
			outputPaths = (
				"${TARGET_BUILD_DIR}/${FRAMEWORKS_FOLDER_PATH}/Charts.framework",
			);
			runOnlyForDeploymentPostprocessing = 0;
			shellPath = /bin/sh;
			shellScript = "\"${SRCROOT}/Pods/Target Support Files/Pods-travel.ly/Pods-travel.ly-frameworks.sh\"\n";
			showEnvVarsInLog = 0;
		};
		A5FBBB5C2B5E3AC4A94731C8 /* [CP] Embed Pods Frameworks */ = {
			isa = PBXShellScriptBuildPhase;
			buildActionMask = 2147483647;
			files = (
			);
			inputPaths = (
			);
			name = "[CP] Embed Pods Frameworks";
			outputPaths = (
			);
			runOnlyForDeploymentPostprocessing = 0;
			shellPath = /bin/sh;
			shellScript = "\"${SRCROOT}/Pods/Target Support Files/Pods-travel.lyUITests/Pods-travel.lyUITests-frameworks.sh\"\n";
			showEnvVarsInLog = 0;
		};
		D181DC49C8DBA74EE56F8BC7 /* [CP] Embed Pods Frameworks */ = {
			isa = PBXShellScriptBuildPhase;
			buildActionMask = 2147483647;
			files = (
			);
			inputPaths = (
			);
			name = "[CP] Embed Pods Frameworks";
			outputPaths = (
			);
			runOnlyForDeploymentPostprocessing = 0;
			shellPath = /bin/sh;
			shellScript = "\"${SRCROOT}/Pods/Target Support Files/Pods-travel.lyTests/Pods-travel.lyTests-frameworks.sh\"\n";
			showEnvVarsInLog = 0;
		};
		D54BA24C76AF88E8A4DBD418 /* [CP] Check Pods Manifest.lock */ = {
			isa = PBXShellScriptBuildPhase;
			buildActionMask = 2147483647;
			files = (
			);
			inputPaths = (
				"${PODS_PODFILE_DIR_PATH}/Podfile.lock",
				"${PODS_ROOT}/Manifest.lock",
			);
			name = "[CP] Check Pods Manifest.lock";
			outputPaths = (
				"$(DERIVED_FILE_DIR)/Pods-travel.lyTests-checkManifestLockResult.txt",
			);
			runOnlyForDeploymentPostprocessing = 0;
			shellPath = /bin/sh;
			shellScript = "diff \"${PODS_PODFILE_DIR_PATH}/Podfile.lock\" \"${PODS_ROOT}/Manifest.lock\" > /dev/null\nif [ $? != 0 ] ; then\n    # print error to STDERR\n    echo \"error: The sandbox is not in sync with the Podfile.lock. Run 'pod install' or update your CocoaPods installation.\" >&2\n    exit 1\nfi\n# This output is used by Xcode 'outputs' to avoid re-running this script phase.\necho \"SUCCESS\" > \"${SCRIPT_OUTPUT_FILE_0}\"\n";
			showEnvVarsInLog = 0;
		};
/* End PBXShellScriptBuildPhase section */

/* Begin PBXSourcesBuildPhase section */
		2B6A546620578D7E00430AF1 /* Sources */ = {
			isa = PBXSourcesBuildPhase;
			buildActionMask = 2147483647;
			files = (
				2BC6EC9C205795FD004D695F /* CostViewController.swift in Sources */,
				2BC6EC9E20579611004D695F /* ActivitiesViewController.swift in Sources */,
				2BC6EC9A205795F0004D695F /* MainPageViewController.swift in Sources */,
				2BC6ECA02057961C004D695F /* AboutViewController.swift in Sources */,
				2BC6ECA22057962A004D695F /* MyTripsViewController.swift in Sources */,
				2B6A546E20578D7E00430AF1 /* AppDelegate.swift in Sources */,
			);
			runOnlyForDeploymentPostprocessing = 0;
		};
		2B6A547C20578D7E00430AF1 /* Sources */ = {
			isa = PBXSourcesBuildPhase;
			buildActionMask = 2147483647;
			files = (
				2B6A548520578D7E00430AF1 /* travel_lyTests.swift in Sources */,
			);
			runOnlyForDeploymentPostprocessing = 0;
		};
		2B6A548720578D7E00430AF1 /* Sources */ = {
			isa = PBXSourcesBuildPhase;
			buildActionMask = 2147483647;
			files = (
				2B6A549020578D7E00430AF1 /* travel_lyUITests.swift in Sources */,
			);
			runOnlyForDeploymentPostprocessing = 0;
		};
/* End PBXSourcesBuildPhase section */

/* Begin PBXTargetDependency section */
		2B6A548220578D7E00430AF1 /* PBXTargetDependency */ = {
			isa = PBXTargetDependency;
			target = 2B6A546920578D7E00430AF1 /* travel.ly */;
			targetProxy = 2B6A548120578D7E00430AF1 /* PBXContainerItemProxy */;
		};
		2B6A548D20578D7E00430AF1 /* PBXTargetDependency */ = {
			isa = PBXTargetDependency;
			target = 2B6A546920578D7E00430AF1 /* travel.ly */;
			targetProxy = 2B6A548C20578D7E00430AF1 /* PBXContainerItemProxy */;
		};
/* End PBXTargetDependency section */

/* Begin PBXVariantGroup section */
		2B6A547320578D7E00430AF1 /* Main.storyboard */ = {
			isa = PBXVariantGroup;
			children = (
				2B6A547420578D7E00430AF1 /* Base */,
			);
			name = Main.storyboard;
			sourceTree = "<group>";
		};
		2B6A547820578D7E00430AF1 /* LaunchScreen.storyboard */ = {
			isa = PBXVariantGroup;
			children = (
				2B6A547920578D7E00430AF1 /* Base */,
			);
			name = LaunchScreen.storyboard;
			sourceTree = "<group>";
		};
/* End PBXVariantGroup section */

/* Begin XCBuildConfiguration section */
		2B6A549220578D7E00430AF1 /* Debug */ = {
			isa = XCBuildConfiguration;
			buildSettings = {
				ALWAYS_SEARCH_USER_PATHS = NO;
				CLANG_ANALYZER_NONNULL = YES;
				CLANG_ANALYZER_NUMBER_OBJECT_CONVERSION = YES_AGGRESSIVE;
				CLANG_CXX_LANGUAGE_STANDARD = "gnu++14";
				CLANG_CXX_LIBRARY = "libc++";
				CLANG_ENABLE_MODULES = YES;
				CLANG_ENABLE_OBJC_ARC = YES;
				CLANG_WARN_BLOCK_CAPTURE_AUTORELEASING = YES;
				CLANG_WARN_BOOL_CONVERSION = YES;
				CLANG_WARN_COMMA = YES;
				CLANG_WARN_CONSTANT_CONVERSION = YES;
				CLANG_WARN_DIRECT_OBJC_ISA_USAGE = YES_ERROR;
				CLANG_WARN_DOCUMENTATION_COMMENTS = YES;
				CLANG_WARN_EMPTY_BODY = YES;
				CLANG_WARN_ENUM_CONVERSION = YES;
				CLANG_WARN_INFINITE_RECURSION = YES;
				CLANG_WARN_INT_CONVERSION = YES;
				CLANG_WARN_NON_LITERAL_NULL_CONVERSION = YES;
				CLANG_WARN_OBJC_LITERAL_CONVERSION = YES;
				CLANG_WARN_OBJC_ROOT_CLASS = YES_ERROR;
				CLANG_WARN_RANGE_LOOP_ANALYSIS = YES;
				CLANG_WARN_STRICT_PROTOTYPES = YES;
				CLANG_WARN_SUSPICIOUS_MOVE = YES;
				CLANG_WARN_UNGUARDED_AVAILABILITY = YES_AGGRESSIVE;
				CLANG_WARN_UNREACHABLE_CODE = YES;
				CLANG_WARN__DUPLICATE_METHOD_MATCH = YES;
				CODE_SIGN_IDENTITY = "iPhone Developer";
				COPY_PHASE_STRIP = NO;
				DEBUG_INFORMATION_FORMAT = dwarf;
				ENABLE_STRICT_OBJC_MSGSEND = YES;
				ENABLE_TESTABILITY = YES;
				GCC_C_LANGUAGE_STANDARD = gnu11;
				GCC_DYNAMIC_NO_PIC = NO;
				GCC_NO_COMMON_BLOCKS = YES;
				GCC_OPTIMIZATION_LEVEL = 0;
				GCC_PREPROCESSOR_DEFINITIONS = (
					"DEBUG=1",
					"$(inherited)",
				);
				GCC_WARN_64_TO_32_BIT_CONVERSION = YES;
				GCC_WARN_ABOUT_RETURN_TYPE = YES_ERROR;
				GCC_WARN_UNDECLARED_SELECTOR = YES;
				GCC_WARN_UNINITIALIZED_AUTOS = YES_AGGRESSIVE;
				GCC_WARN_UNUSED_FUNCTION = YES;
				GCC_WARN_UNUSED_VARIABLE = YES;
				IPHONEOS_DEPLOYMENT_TARGET = 11.2;
				MTL_ENABLE_DEBUG_INFO = YES;
				ONLY_ACTIVE_ARCH = YES;
				SDKROOT = iphoneos;
				SWIFT_ACTIVE_COMPILATION_CONDITIONS = DEBUG;
				SWIFT_OPTIMIZATION_LEVEL = "-Onone";
			};
			name = Debug;
		};
		2B6A549320578D7E00430AF1 /* Release */ = {
			isa = XCBuildConfiguration;
			buildSettings = {
				ALWAYS_SEARCH_USER_PATHS = NO;
				CLANG_ANALYZER_NONNULL = YES;
				CLANG_ANALYZER_NUMBER_OBJECT_CONVERSION = YES_AGGRESSIVE;
				CLANG_CXX_LANGUAGE_STANDARD = "gnu++14";
				CLANG_CXX_LIBRARY = "libc++";
				CLANG_ENABLE_MODULES = YES;
				CLANG_ENABLE_OBJC_ARC = YES;
				CLANG_WARN_BLOCK_CAPTURE_AUTORELEASING = YES;
				CLANG_WARN_BOOL_CONVERSION = YES;
				CLANG_WARN_COMMA = YES;
				CLANG_WARN_CONSTANT_CONVERSION = YES;
				CLANG_WARN_DIRECT_OBJC_ISA_USAGE = YES_ERROR;
				CLANG_WARN_DOCUMENTATION_COMMENTS = YES;
				CLANG_WARN_EMPTY_BODY = YES;
				CLANG_WARN_ENUM_CONVERSION = YES;
				CLANG_WARN_INFINITE_RECURSION = YES;
				CLANG_WARN_INT_CONVERSION = YES;
				CLANG_WARN_NON_LITERAL_NULL_CONVERSION = YES;
				CLANG_WARN_OBJC_LITERAL_CONVERSION = YES;
				CLANG_WARN_OBJC_ROOT_CLASS = YES_ERROR;
				CLANG_WARN_RANGE_LOOP_ANALYSIS = YES;
				CLANG_WARN_STRICT_PROTOTYPES = YES;
				CLANG_WARN_SUSPICIOUS_MOVE = YES;
				CLANG_WARN_UNGUARDED_AVAILABILITY = YES_AGGRESSIVE;
				CLANG_WARN_UNREACHABLE_CODE = YES;
				CLANG_WARN__DUPLICATE_METHOD_MATCH = YES;
				CODE_SIGN_IDENTITY = "iPhone Developer";
				COPY_PHASE_STRIP = NO;
				DEBUG_INFORMATION_FORMAT = "dwarf-with-dsym";
				ENABLE_NS_ASSERTIONS = NO;
				ENABLE_STRICT_OBJC_MSGSEND = YES;
				GCC_C_LANGUAGE_STANDARD = gnu11;
				GCC_NO_COMMON_BLOCKS = YES;
				GCC_WARN_64_TO_32_BIT_CONVERSION = YES;
				GCC_WARN_ABOUT_RETURN_TYPE = YES_ERROR;
				GCC_WARN_UNDECLARED_SELECTOR = YES;
				GCC_WARN_UNINITIALIZED_AUTOS = YES_AGGRESSIVE;
				GCC_WARN_UNUSED_FUNCTION = YES;
				GCC_WARN_UNUSED_VARIABLE = YES;
				IPHONEOS_DEPLOYMENT_TARGET = 11.2;
				MTL_ENABLE_DEBUG_INFO = NO;
				SDKROOT = iphoneos;
				SWIFT_OPTIMIZATION_LEVEL = "-Owholemodule";
				VALIDATE_PRODUCT = YES;
			};
			name = Release;
		};
		2B6A549520578D7E00430AF1 /* Debug */ = {
			isa = XCBuildConfiguration;
			baseConfigurationReference = 2121C9D611C41D98B22A9525 /* Pods-travel.ly.debug.xcconfig */;
			buildSettings = {
				ASSETCATALOG_COMPILER_APPICON_NAME = AppIcon;
				CODE_SIGN_STYLE = Automatic;
				DEVELOPMENT_TEAM = 3CLQVKMB87;
				INFOPLIST_FILE = travel.ly/Info.plist;
				LD_RUNPATH_SEARCH_PATHS = "$(inherited) @executable_path/Frameworks";
				PRODUCT_BUNDLE_IDENTIFIER = "edu.sandiego.comp495.travel-ly";
				PRODUCT_NAME = "$(TARGET_NAME)";
				SWIFT_VERSION = 4.0;
				TARGETED_DEVICE_FAMILY = "1,2";
			};
			name = Debug;
		};
		2B6A549620578D7E00430AF1 /* Release */ = {
			isa = XCBuildConfiguration;
			baseConfigurationReference = 5E203597681C0188B0C76469 /* Pods-travel.ly.release.xcconfig */;
			buildSettings = {
				ASSETCATALOG_COMPILER_APPICON_NAME = AppIcon;
				CODE_SIGN_STYLE = Automatic;
				DEVELOPMENT_TEAM = 3CLQVKMB87;
				INFOPLIST_FILE = travel.ly/Info.plist;
				LD_RUNPATH_SEARCH_PATHS = "$(inherited) @executable_path/Frameworks";
				PRODUCT_BUNDLE_IDENTIFIER = "edu.sandiego.comp495.travel-ly";
				PRODUCT_NAME = "$(TARGET_NAME)";
				SWIFT_VERSION = 4.0;
				TARGETED_DEVICE_FAMILY = "1,2";
			};
			name = Release;
		};
		2B6A549820578D7E00430AF1 /* Debug */ = {
			isa = XCBuildConfiguration;
			baseConfigurationReference = 310ABD435F292203A8802DFA /* Pods-travel.lyTests.debug.xcconfig */;
			buildSettings = {
				ALWAYS_EMBED_SWIFT_STANDARD_LIBRARIES = YES;
				BUNDLE_LOADER = "$(TEST_HOST)";
				CODE_SIGN_STYLE = Automatic;
				DEVELOPMENT_TEAM = 3CLQVKMB87;
				INFOPLIST_FILE = travel.lyTests/Info.plist;
				LD_RUNPATH_SEARCH_PATHS = "$(inherited) @executable_path/Frameworks @loader_path/Frameworks";
				PRODUCT_BUNDLE_IDENTIFIER = "edu.sandiego.comp495.travel-lyTests";
				PRODUCT_NAME = "$(TARGET_NAME)";
				SWIFT_VERSION = 4.0;
				TARGETED_DEVICE_FAMILY = "1,2";
				TEST_HOST = "$(BUILT_PRODUCTS_DIR)/travel.ly.app/travel.ly";
			};
			name = Debug;
		};
		2B6A549920578D7E00430AF1 /* Release */ = {
			isa = XCBuildConfiguration;
			baseConfigurationReference = 7F2217735F25CA1F7EA8F4C1 /* Pods-travel.lyTests.release.xcconfig */;
			buildSettings = {
				ALWAYS_EMBED_SWIFT_STANDARD_LIBRARIES = YES;
				BUNDLE_LOADER = "$(TEST_HOST)";
				CODE_SIGN_STYLE = Automatic;
				DEVELOPMENT_TEAM = 3CLQVKMB87;
				INFOPLIST_FILE = travel.lyTests/Info.plist;
				LD_RUNPATH_SEARCH_PATHS = "$(inherited) @executable_path/Frameworks @loader_path/Frameworks";
				PRODUCT_BUNDLE_IDENTIFIER = "edu.sandiego.comp495.travel-lyTests";
				PRODUCT_NAME = "$(TARGET_NAME)";
				SWIFT_VERSION = 4.0;
				TARGETED_DEVICE_FAMILY = "1,2";
				TEST_HOST = "$(BUILT_PRODUCTS_DIR)/travel.ly.app/travel.ly";
			};
			name = Release;
		};
		2B6A549B20578D7E00430AF1 /* Debug */ = {
			isa = XCBuildConfiguration;
			baseConfigurationReference = CF2F6AA4AD609FBCBBC32663 /* Pods-travel.lyUITests.debug.xcconfig */;
			buildSettings = {
				ALWAYS_EMBED_SWIFT_STANDARD_LIBRARIES = YES;
				CODE_SIGN_STYLE = Automatic;
				DEVELOPMENT_TEAM = 3CLQVKMB87;
				INFOPLIST_FILE = travel.lyUITests/Info.plist;
				LD_RUNPATH_SEARCH_PATHS = "$(inherited) @executable_path/Frameworks @loader_path/Frameworks";
				PRODUCT_BUNDLE_IDENTIFIER = "edu.sandiego.comp495.travel-lyUITests";
				PRODUCT_NAME = "$(TARGET_NAME)";
				SWIFT_VERSION = 4.0;
				TARGETED_DEVICE_FAMILY = "1,2";
				TEST_TARGET_NAME = travel.ly;
			};
			name = Debug;
		};
		2B6A549C20578D7E00430AF1 /* Release */ = {
			isa = XCBuildConfiguration;
			baseConfigurationReference = FD1CB0C63C500A6A29296F66 /* Pods-travel.lyUITests.release.xcconfig */;
			buildSettings = {
				ALWAYS_EMBED_SWIFT_STANDARD_LIBRARIES = YES;
				CODE_SIGN_STYLE = Automatic;
				DEVELOPMENT_TEAM = 3CLQVKMB87;
				INFOPLIST_FILE = travel.lyUITests/Info.plist;
				LD_RUNPATH_SEARCH_PATHS = "$(inherited) @executable_path/Frameworks @loader_path/Frameworks";
				PRODUCT_BUNDLE_IDENTIFIER = "edu.sandiego.comp495.travel-lyUITests";
				PRODUCT_NAME = "$(TARGET_NAME)";
				SWIFT_VERSION = 4.0;
				TARGETED_DEVICE_FAMILY = "1,2";
				TEST_TARGET_NAME = travel.ly;
			};
			name = Release;
		};
/* End XCBuildConfiguration section */

/* Begin XCConfigurationList section */
		2B6A546520578D7E00430AF1 /* Build configuration list for PBXProject "travel.ly" */ = {
			isa = XCConfigurationList;
			buildConfigurations = (
				2B6A549220578D7E00430AF1 /* Debug */,
				2B6A549320578D7E00430AF1 /* Release */,
			);
			defaultConfigurationIsVisible = 0;
			defaultConfigurationName = Release;
		};
		2B6A549420578D7E00430AF1 /* Build configuration list for PBXNativeTarget "travel.ly" */ = {
			isa = XCConfigurationList;
			buildConfigurations = (
				2B6A549520578D7E00430AF1 /* Debug */,
				2B6A549620578D7E00430AF1 /* Release */,
			);
			defaultConfigurationIsVisible = 0;
			defaultConfigurationName = Release;
		};
		2B6A549720578D7E00430AF1 /* Build configuration list for PBXNativeTarget "travel.lyTests" */ = {
			isa = XCConfigurationList;
			buildConfigurations = (
				2B6A549820578D7E00430AF1 /* Debug */,
				2B6A549920578D7E00430AF1 /* Release */,
			);
			defaultConfigurationIsVisible = 0;
			defaultConfigurationName = Release;
		};
		2B6A549A20578D7E00430AF1 /* Build configuration list for PBXNativeTarget "travel.lyUITests" */ = {
			isa = XCConfigurationList;
			buildConfigurations = (
				2B6A549B20578D7E00430AF1 /* Debug */,
				2B6A549C20578D7E00430AF1 /* Release */,
			);
			defaultConfigurationIsVisible = 0;
			defaultConfigurationName = Release;
		};
/* End XCConfigurationList section */
	};
	rootObject = 2B6A546220578D7E00430AF1 /* Project object */;
}
